// !$*UTF8*$!
{
	archiveVersion = 1;
	classes = {
	};
	objectVersion = 48;
	objects = {

/* Begin PBXBuildFile section */
		63FD12DA2025022100132405 /* AppDelegate.swift in Sources */ = {isa = PBXBuildFile; fileRef = 63FD12D92025022100132405 /* AppDelegate.swift */; };
		63FD12DC2025022100132405 /* ViewController.swift in Sources */ = {isa = PBXBuildFile; fileRef = 63FD12DB2025022100132405 /* ViewController.swift */; };
		63FD12DF2025022100132405 /* Main.storyboard in Resources */ = {isa = PBXBuildFile; fileRef = 63FD12DD2025022100132405 /* Main.storyboard */; };
		63FD12E12025022100132405 /* Assets.xcassets in Resources */ = {isa = PBXBuildFile; fileRef = 63FD12E02025022100132405 /* Assets.xcassets */; };
		63FD12E42025022100132405 /* LaunchScreen.storyboard in Resources */ = {isa = PBXBuildFile; fileRef = 63FD12E22025022100132405 /* LaunchScreen.storyboard */; };
		63FD12EF2025022100132405 /* FirstExerciseTests.swift in Sources */ = {isa = PBXBuildFile; fileRef = 63FD12EE2025022100132405 /* FirstExerciseTests.swift */; };
		63FD12FA2025022100132405 /* FirstExerciseUITests.swift in Sources */ = {isa = PBXBuildFile; fileRef = 63FD12F92025022100132405 /* FirstExerciseUITests.swift */; };
/* End PBXBuildFile section */

/* Begin PBXContainerItemProxy section */
		63FD12EB2025022100132405 /* PBXContainerItemProxy */ = {
			isa = PBXContainerItemProxy;
			containerPortal = 63FD12CE2025022100132405 /* Project object */;
			proxyType = 1;
			remoteGlobalIDString = 63FD12D52025022100132405;
			remoteInfo = FirstExercise;
		};
		63FD12F62025022100132405 /* PBXContainerItemProxy */ = {
			isa = PBXContainerItemProxy;
			containerPortal = 63FD12CE2025022100132405 /* Project object */;
			proxyType = 1;
			remoteGlobalIDString = 63FD12D52025022100132405;
			remoteInfo = FirstExercise;
		};
/* End PBXContainerItemProxy section */

/* Begin PBXFileReference section */
		63FD12D62025022100132405 /* FirstExercise.app */ = {isa = PBXFileReference; explicitFileType = wrapper.application; includeInIndex = 0; path = FirstExercise.app; sourceTree = BUILT_PRODUCTS_DIR; };
		63FD12D92025022100132405 /* AppDelegate.swift */ = {isa = PBXFileReference; lastKnownFileType = sourcecode.swift; path = AppDelegate.swift; sourceTree = "<group>"; };
		63FD12DB2025022100132405 /* ViewController.swift */ = {isa = PBXFileReference; lastKnownFileType = sourcecode.swift; path = ViewController.swift; sourceTree = "<group>"; };
		63FD12DE2025022100132405 /* Base */ = {isa = PBXFileReference; lastKnownFileType = file.storyboard; name = Base; path = Base.lproj/Main.storyboard; sourceTree = "<group>"; };
		63FD12E02025022100132405 /* Assets.xcassets */ = {isa = PBXFileReference; lastKnownFileType = folder.assetcatalog; path = Assets.xcassets; sourceTree = "<group>"; };
		63FD12E32025022100132405 /* Base */ = {isa = PBXFileReference; lastKnownFileType = file.storyboard; name = Base; path = Base.lproj/LaunchScreen.storyboard; sourceTree = "<group>"; };
		63FD12E52025022100132405 /* Info.plist */ = {isa = PBXFileReference; lastKnownFileType = text.plist.xml; path = Info.plist; sourceTree = "<group>"; };
		63FD12EA2025022100132405 /* FirstExerciseTests.xctest */ = {isa = PBXFileReference; explicitFileType = wrapper.cfbundle; includeInIndex = 0; path = FirstExerciseTests.xctest; sourceTree = BUILT_PRODUCTS_DIR; };
		63FD12EE2025022100132405 /* FirstExerciseTests.swift */ = {isa = PBXFileReference; lastKnownFileType = sourcecode.swift; path = FirstExerciseTests.swift; sourceTree = "<group>"; };
		63FD12F02025022100132405 /* Info.plist */ = {isa = PBXFileReference; lastKnownFileType = text.plist.xml; path = Info.plist; sourceTree = "<group>"; };
		63FD12F52025022100132405 /* FirstExerciseUITests.xctest */ = {isa = PBXFileReference; explicitFileType = wrapper.cfbundle; includeInIndex = 0; path = FirstExerciseUITests.xctest; sourceTree = BUILT_PRODUCTS_DIR; };
		63FD12F92025022100132405 /* FirstExerciseUITests.swift */ = {isa = PBXFileReference; lastKnownFileType = sourcecode.swift; path = FirstExerciseUITests.swift; sourceTree = "<group>"; };
		63FD12FB2025022100132405 /* Info.plist */ = {isa = PBXFileReference; lastKnownFileType = text.plist.xml; path = Info.plist; sourceTree = "<group>"; };
/* End PBXFileReference section */

/* Begin PBXFrameworksBuildPhase section */
		63FD12D32025022100132405 /* Frameworks */ = {
			isa = PBXFrameworksBuildPhase;
			buildActionMask = 2147483647;
			files = (
			);
			runOnlyForDeploymentPostprocessing = 0;
		};
		63FD12E72025022100132405 /* Frameworks */ = {
			isa = PBXFrameworksBuildPhase;
			buildActionMask = 2147483647;
			files = (
			);
			runOnlyForDeploymentPostprocessing = 0;
		};
		63FD12F22025022100132405 /* Frameworks */ = {
			isa = PBXFrameworksBuildPhase;
			buildActionMask = 2147483647;
			files = (
			);
			runOnlyForDeploymentPostprocessing = 0;
		};
/* End PBXFrameworksBuildPhase section */

/* Begin PBXGroup section */
		63FD12CD2025022100132405 = {
			isa = PBXGroup;
			children = (
				63FD12D82025022100132405 /* FirstExercise */,
				63FD12ED2025022100132405 /* FirstExerciseTests */,
				63FD12F82025022100132405 /* FirstExerciseUITests */,
				63FD12D72025022100132405 /* Products */,
			);
			sourceTree = "<group>";
		};
		63FD12D72025022100132405 /* Products */ = {
			isa = PBXGroup;
			children = (
				63FD12D62025022100132405 /* FirstExercise.app */,
				63FD12EA2025022100132405 /* FirstExerciseTests.xctest */,
				63FD12F52025022100132405 /* FirstExerciseUITests.xctest */,
			);
			name = Products;
			sourceTree = "<group>";
		};
		63FD12D82025022100132405 /* FirstExercise */ = {
			isa = PBXGroup;
			children = (
				63FD12D92025022100132405 /* AppDelegate.swift */,
				63FD12DB2025022100132405 /* ViewController.swift */,
				63FD12DD2025022100132405 /* Main.storyboard */,
				63FD12E02025022100132405 /* Assets.xcassets */,
				63FD12E22025022100132405 /* LaunchScreen.storyboard */,
				63FD12E52025022100132405 /* Info.plist */,
			);
			path = FirstExercise;
			sourceTree = "<group>";
		};
		63FD12ED2025022100132405 /* FirstExerciseTests */ = {
			isa = PBXGroup;
			children = (
				63FD12EE2025022100132405 /* FirstExerciseTests.swift */,
				63FD12F02025022100132405 /* Info.plist */,
			);
			path = FirstExerciseTests;
			sourceTree = "<group>";
		};
		63FD12F82025022100132405 /* FirstExerciseUITests */ = {
			isa = PBXGroup;
			children = (
				63FD12F92025022100132405 /* FirstExerciseUITests.swift */,
				63FD12FB2025022100132405 /* Info.plist */,
			);
			path = FirstExerciseUITests;
			sourceTree = "<group>";
		};
/* End PBXGroup section */

/* Begin PBXNativeTarget section */
		63FD12D52025022100132405 /* FirstExercise */ = {
			isa = PBXNativeTarget;
			buildConfigurationList = 63FD12FE2025022100132405 /* Build configuration list for PBXNativeTarget "FirstExercise" */;
			buildPhases = (
				63FD12D22025022100132405 /* Sources */,
				63FD12D32025022100132405 /* Frameworks */,
				63FD12D42025022100132405 /* Resources */,
			);
			buildRules = (
			);
			dependencies = (
			);
			name = FirstExercise;
			productName = FirstExercise;
			productReference = 63FD12D62025022100132405 /* FirstExercise.app */;
			productType = "com.apple.product-type.application";
		};
		63FD12E92025022100132405 /* FirstExerciseTests */ = {
			isa = PBXNativeTarget;
			buildConfigurationList = 63FD13012025022100132405 /* Build configuration list for PBXNativeTarget "FirstExerciseTests" */;
			buildPhases = (
				63FD12E62025022100132405 /* Sources */,
				63FD12E72025022100132405 /* Frameworks */,
				63FD12E82025022100132405 /* Resources */,
			);
			buildRules = (
			);
			dependencies = (
				63FD12EC2025022100132405 /* PBXTargetDependency */,
			);
			name = FirstExerciseTests;
			productName = FirstExerciseTests;
			productReference = 63FD12EA2025022100132405 /* FirstExerciseTests.xctest */;
			productType = "com.apple.product-type.bundle.unit-test";
		};
		63FD12F42025022100132405 /* FirstExerciseUITests */ = {
			isa = PBXNativeTarget;
			buildConfigurationList = 63FD13042025022100132405 /* Build configuration list for PBXNativeTarget "FirstExerciseUITests" */;
			buildPhases = (
				63FD12F12025022100132405 /* Sources */,
				63FD12F22025022100132405 /* Frameworks */,
				63FD12F32025022100132405 /* Resources */,
			);
			buildRules = (
			);
			dependencies = (
				63FD12F72025022100132405 /* PBXTargetDependency */,
			);
			name = FirstExerciseUITests;
			productName = FirstExerciseUITests;
			productReference = 63FD12F52025022100132405 /* FirstExerciseUITests.xctest */;
			productType = "com.apple.product-type.bundle.ui-testing";
		};
/* End PBXNativeTarget section */

/* Begin PBXProject section */
		63FD12CE2025022100132405 /* Project object */ = {
			isa = PBXProject;
			attributes = {
				LastSwiftUpdateCheck = 0920;
				LastUpgradeCheck = 0920;
				ORGANIZATIONNAME = "Caique Oliveira";
				TargetAttributes = {
					63FD12D52025022100132405 = {
						CreatedOnToolsVersion = 9.2;
						ProvisioningStyle = Automatic;
					};
					63FD12E92025022100132405 = {
						CreatedOnToolsVersion = 9.2;
						ProvisioningStyle = Automatic;
						TestTargetID = 63FD12D52025022100132405;
					};
					63FD12F42025022100132405 = {
						CreatedOnToolsVersion = 9.2;
						ProvisioningStyle = Automatic;
						TestTargetID = 63FD12D52025022100132405;
					};
				};
			};
			buildConfigurationList = 63FD12D12025022100132405 /* Build configuration list for PBXProject "FirstExercise" */;
			compatibilityVersion = "Xcode 8.0";
			developmentRegion = en;
			hasScannedForEncodings = 0;
			knownRegions = (
				en,
				Base,
			);
			mainGroup = 63FD12CD2025022100132405;
			productRefGroup = 63FD12D72025022100132405 /* Products */;
			projectDirPath = "";
			projectRoot = "";
			targets = (
				63FD12D52025022100132405 /* FirstExercise */,
				63FD12E92025022100132405 /* FirstExerciseTests */,
				63FD12F42025022100132405 /* FirstExerciseUITests */,
			);
		};
/* End PBXProject section */

/* Begin PBXResourcesBuildPhase section */
		63FD12D42025022100132405 /* Resources */ = {
			isa = PBXResourcesBuildPhase;
			buildActionMask = 2147483647;
			files = (
				63FD12E42025022100132405 /* LaunchScreen.storyboard in Resources */,
				63FD12E12025022100132405 /* Assets.xcassets in Resources */,
				63FD12DF2025022100132405 /* Main.storyboard in Resources */,
			);
			runOnlyForDeploymentPostprocessing = 0;
		};
		63FD12E82025022100132405 /* Resources */ = {
			isa = PBXResourcesBuildPhase;
			buildActionMask = 2147483647;
			files = (
			);
			runOnlyForDeploymentPostprocessing = 0;
		};
		63FD12F32025022100132405 /* Resources */ = {
			isa = PBXResourcesBuildPhase;
			buildActionMask = 2147483647;
			files = (
			);
			runOnlyForDeploymentPostprocessing = 0;
		};
/* End PBXResourcesBuildPhase section */

/* Begin PBXSourcesBuildPhase section */
		63FD12D22025022100132405 /* Sources */ = {
			isa = PBXSourcesBuildPhase;
			buildActionMask = 2147483647;
			files = (
				63FD12DC2025022100132405 /* ViewController.swift in Sources */,
				63FD12DA2025022100132405 /* AppDelegate.swift in Sources */,
			);
			runOnlyForDeploymentPostprocessing = 0;
		};
		63FD12E62025022100132405 /* Sources */ = {
			isa = PBXSourcesBuildPhase;
			buildActionMask = 2147483647;
			files = (
				63FD12EF2025022100132405 /* FirstExerciseTests.swift in Sources */,
			);
			runOnlyForDeploymentPostprocessing = 0;
		};
		63FD12F12025022100132405 /* Sources */ = {
			isa = PBXSourcesBuildPhase;
			buildActionMask = 2147483647;
			files = (
				63FD12FA2025022100132405 /* FirstExerciseUITests.swift in Sources */,
			);
			runOnlyForDeploymentPostprocessing = 0;
		};
/* End PBXSourcesBuildPhase section */

/* Begin PBXTargetDependency section */
		63FD12EC2025022100132405 /* PBXTargetDependency */ = {
			isa = PBXTargetDependency;
			target = 63FD12D52025022100132405 /* FirstExercise */;
			targetProxy = 63FD12EB2025022100132405 /* PBXContainerItemProxy */;
		};
		63FD12F72025022100132405 /* PBXTargetDependency */ = {
			isa = PBXTargetDependency;
			target = 63FD12D52025022100132405 /* FirstExercise */;
			targetProxy = 63FD12F62025022100132405 /* PBXContainerItemProxy */;
		};
/* End PBXTargetDependency section */

/* Begin PBXVariantGroup section */
		63FD12DD2025022100132405 /* Main.storyboard */ = {
			isa = PBXVariantGroup;
			children = (
				63FD12DE2025022100132405 /* Base */,
			);
			name = Main.storyboard;
			sourceTree = "<group>";
		};
		63FD12E22025022100132405 /* LaunchScreen.storyboard */ = {
			isa = PBXVariantGroup;
			children = (
				63FD12E32025022100132405 /* Base */,
			);
			name = LaunchScreen.storyboard;
			sourceTree = "<group>";
		};
/* End PBXVariantGroup section */

/* Begin XCBuildConfiguration section */
		63FD12FC2025022100132405 /* Debug */ = {
			isa = XCBuildConfiguration;
			buildSettings = {
				ALWAYS_SEARCH_USER_PATHS = NO;
				CLANG_ANALYZER_NONNULL = YES;
				CLANG_ANALYZER_NUMBER_OBJECT_CONVERSION = YES_AGGRESSIVE;
				CLANG_CXX_LANGUAGE_STANDARD = "gnu++14";
				CLANG_CXX_LIBRARY = "libc++";
				CLANG_ENABLE_MODULES = YES;
				CLANG_ENABLE_OBJC_ARC = YES;
				CLANG_WARN_BLOCK_CAPTURE_AUTORELEASING = YES;
				CLANG_WARN_BOOL_CONVERSION = YES;
				CLANG_WARN_COMMA = YES;
				CLANG_WARN_CONSTANT_CONVERSION = YES;
				CLANG_WARN_DIRECT_OBJC_ISA_USAGE = YES_ERROR;
				CLANG_WARN_DOCUMENTATION_COMMENTS = YES;
				CLANG_WARN_EMPTY_BODY = YES;
				CLANG_WARN_ENUM_CONVERSION = YES;
				CLANG_WARN_INFINITE_RECURSION = YES;
				CLANG_WARN_INT_CONVERSION = YES;
				CLANG_WARN_NON_LITERAL_NULL_CONVERSION = YES;
				CLANG_WARN_OBJC_LITERAL_CONVERSION = YES;
				CLANG_WARN_OBJC_ROOT_CLASS = YES_ERROR;
				CLANG_WARN_RANGE_LOOP_ANALYSIS = YES;
				CLANG_WARN_STRICT_PROTOTYPES = YES;
				CLANG_WARN_SUSPICIOUS_MOVE = YES;
				CLANG_WARN_UNGUARDED_AVAILABILITY = YES_AGGRESSIVE;
				CLANG_WARN_UNREACHABLE_CODE = YES;
				CLANG_WARN__DUPLICATE_METHOD_MATCH = YES;
				CODE_SIGN_IDENTITY = "iPhone Developer";
				COPY_PHASE_STRIP = NO;
				DEBUG_INFORMATION_FORMAT = dwarf;
				ENABLE_STRICT_OBJC_MSGSEND = YES;
				ENABLE_TESTABILITY = YES;
				GCC_C_LANGUAGE_STANDARD = gnu11;
				GCC_DYNAMIC_NO_PIC = NO;
				GCC_NO_COMMON_BLOCKS = YES;
				GCC_OPTIMIZATION_LEVEL = 0;
				GCC_PREPROCESSOR_DEFINITIONS = (
					"DEBUG=1",
					"$(inherited)",
				);
				GCC_WARN_64_TO_32_BIT_CONVERSION = YES;
				GCC_WARN_ABOUT_RETURN_TYPE = YES_ERROR;
				GCC_WARN_UNDECLARED_SELECTOR = YES;
				GCC_WARN_UNINITIALIZED_AUTOS = YES_AGGRESSIVE;
				GCC_WARN_UNUSED_FUNCTION = YES;
				GCC_WARN_UNUSED_VARIABLE = YES;
				IPHONEOS_DEPLOYMENT_TARGET = 11.2;
				MTL_ENABLE_DEBUG_INFO = YES;
				ONLY_ACTIVE_ARCH = YES;
				SDKROOT = iphoneos;
				SWIFT_ACTIVE_COMPILATION_CONDITIONS = DEBUG;
				SWIFT_OPTIMIZATION_LEVEL = "-Onone";
			};
			name = Debug;
		};
		63FD12FD2025022100132405 /* Release */ = {
			isa = XCBuildConfiguration;
			buildSettings = {
				ALWAYS_SEARCH_USER_PATHS = NO;
				CLANG_ANALYZER_NONNULL = YES;
				CLANG_ANALYZER_NUMBER_OBJECT_CONVERSION = YES_AGGRESSIVE;
				CLANG_CXX_LANGUAGE_STANDARD = "gnu++14";
				CLANG_CXX_LIBRARY = "libc++";
				CLANG_ENABLE_MODULES = YES;
				CLANG_ENABLE_OBJC_ARC = YES;
				CLANG_WARN_BLOCK_CAPTURE_AUTORELEASING = YES;
				CLANG_WARN_BOOL_CONVERSION = YES;
				CLANG_WARN_COMMA = YES;
				CLANG_WARN_CONSTANT_CONVERSION = YES;
				CLANG_WARN_DIRECT_OBJC_ISA_USAGE = YES_ERROR;
				CLANG_WARN_DOCUMENTATION_COMMENTS = YES;
				CLANG_WARN_EMPTY_BODY = YES;
				CLANG_WARN_ENUM_CONVERSION = YES;
				CLANG_WARN_INFINITE_RECURSION = YES;
				CLANG_WARN_INT_CONVERSION = YES;
				CLANG_WARN_NON_LITERAL_NULL_CONVERSION = YES;
				CLANG_WARN_OBJC_LITERAL_CONVERSION = YES;
				CLANG_WARN_OBJC_ROOT_CLASS = YES_ERROR;
				CLANG_WARN_RANGE_LOOP_ANALYSIS = YES;
				CLANG_WARN_STRICT_PROTOTYPES = YES;
				CLANG_WARN_SUSPICIOUS_MOVE = YES;
				CLANG_WARN_UNGUARDED_AVAILABILITY = YES_AGGRESSIVE;
				CLANG_WARN_UNREACHABLE_CODE = YES;
				CLANG_WARN__DUPLICATE_METHOD_MATCH = YES;
				CODE_SIGN_IDENTITY = "iPhone Developer";
				COPY_PHASE_STRIP = NO;
				DEBUG_INFORMATION_FORMAT = "dwarf-with-dsym";
				ENABLE_NS_ASSERTIONS = NO;
				ENABLE_STRICT_OBJC_MSGSEND = YES;
				GCC_C_LANGUAGE_STANDARD = gnu11;
				GCC_NO_COMMON_BLOCKS = YES;
				GCC_WARN_64_TO_32_BIT_CONVERSION = YES;
				GCC_WARN_ABOUT_RETURN_TYPE = YES_ERROR;
				GCC_WARN_UNDECLARED_SELECTOR = YES;
				GCC_WARN_UNINITIALIZED_AUTOS = YES_AGGRESSIVE;
				GCC_WARN_UNUSED_FUNCTION = YES;
				GCC_WARN_UNUSED_VARIABLE = YES;
				IPHONEOS_DEPLOYMENT_TARGET = 11.2;
				MTL_ENABLE_DEBUG_INFO = NO;
				SDKROOT = iphoneos;
				SWIFT_OPTIMIZATION_LEVEL = "-Owholemodule";
				VALIDATE_PRODUCT = YES;
			};
			name = Release;
		};
		63FD12FF2025022100132405 /* Debug */ = {
			isa = XCBuildConfiguration;
			buildSettings = {
				ASSETCATALOG_COMPILER_APPICON_NAME = AppIcon;
				CODE_SIGN_STYLE = Automatic;
				INFOPLIST_FILE = FirstExercise/Info.plist;
				LD_RUNPATH_SEARCH_PATHS = "$(inherited) @executable_path/Frameworks";
				PRODUCT_BUNDLE_IDENTIFIER = caiquera.FirstExercise;
				PRODUCT_NAME = "$(TARGET_NAME)";
				SWIFT_VERSION = 4.0;
				TARGETED_DEVICE_FAMILY = "1,2";
			};
			name = Debug;
		};
		63FD13002025022100132405 /* Release */ = {
			isa = XCBuildConfiguration;
			buildSettings = {
				ASSETCATALOG_COMPILER_APPICON_NAME = AppIcon;
				CODE_SIGN_STYLE = Automatic;
				INFOPLIST_FILE = FirstExercise/Info.plist;
				LD_RUNPATH_SEARCH_PATHS = "$(inherited) @executable_path/Frameworks";
				PRODUCT_BUNDLE_IDENTIFIER = caiquera.FirstExercise;
				PRODUCT_NAME = "$(TARGET_NAME)";
				SWIFT_VERSION = 4.0;
				TARGETED_DEVICE_FAMILY = "1,2";
			};
			name = Release;
		};
		63FD13022025022100132405 /* Debug */ = {
			isa = XCBuildConfiguration;
			buildSettings = {
				ALWAYS_EMBED_SWIFT_STANDARD_LIBRARIES = YES;
				BUNDLE_LOADER = "$(TEST_HOST)";
				CODE_SIGN_STYLE = Automatic;
				INFOPLIST_FILE = FirstExerciseTests/Info.plist;
				LD_RUNPATH_SEARCH_PATHS = "$(inherited) @executable_path/Frameworks @loader_path/Frameworks";
				PRODUCT_BUNDLE_IDENTIFIER = caiquera.FirstExerciseTests;
				PRODUCT_NAME = "$(TARGET_NAME)";
				SWIFT_VERSION = 4.0;
				TARGETED_DEVICE_FAMILY = "1,2";
				TEST_HOST = "$(BUILT_PRODUCTS_DIR)/FirstExercise.app/FirstExercise";
			};
			name = Debug;
		};
		63FD13032025022100132405 /* Release */ = {
			isa = XCBuildConfiguration;
			buildSettings = {
				ALWAYS_EMBED_SWIFT_STANDARD_LIBRARIES = YES;
				BUNDLE_LOADER = "$(TEST_HOST)";
				CODE_SIGN_STYLE = Automatic;
				INFOPLIST_FILE = FirstExerciseTests/Info.plist;
				LD_RUNPATH_SEARCH_PATHS = "$(inherited) @executable_path/Frameworks @loader_path/Frameworks";
				PRODUCT_BUNDLE_IDENTIFIER = caiquera.FirstExerciseTests;
				PRODUCT_NAME = "$(TARGET_NAME)";
				SWIFT_VERSION = 4.0;
				TARGETED_DEVICE_FAMILY = "1,2";
				TEST_HOST = "$(BUILT_PRODUCTS_DIR)/FirstExercise.app/FirstExercise";
			};
			name = Release;
		};
		63FD13052025022100132405 /* Debug */ = {
			isa = XCBuildConfiguration;
			buildSettings = {
				ALWAYS_EMBED_SWIFT_STANDARD_LIBRARIES = YES;
				CODE_SIGN_STYLE = Automatic;
				INFOPLIST_FILE = FirstExerciseUITests/Info.plist;
				LD_RUNPATH_SEARCH_PATHS = "$(inherited) @executable_path/Frameworks @loader_path/Frameworks";
				PRODUCT_BUNDLE_IDENTIFIER = caiquera.FirstExerciseUITests;
				PRODUCT_NAME = "$(TARGET_NAME)";
				SWIFT_VERSION = 4.0;
				TARGETED_DEVICE_FAMILY = "1,2";
				TEST_TARGET_NAME = FirstExercise;
			};
			name = Debug;
		};
		63FD13062025022100132405 /* Release */ = {
			isa = XCBuildConfiguration;
			buildSettings = {
				ALWAYS_EMBED_SWIFT_STANDARD_LIBRARIES = YES;
				CODE_SIGN_STYLE = Automatic;
				INFOPLIST_FILE = FirstExerciseUITests/Info.plist;
				LD_RUNPATH_SEARCH_PATHS = "$(inherited) @executable_path/Frameworks @loader_path/Frameworks";
				PRODUCT_BUNDLE_IDENTIFIER = caiquera.FirstExerciseUITests;
				PRODUCT_NAME = "$(TARGET_NAME)";
				SWIFT_VERSION = 4.0;
				TARGETED_DEVICE_FAMILY = "1,2";
				TEST_TARGET_NAME = FirstExercise;
			};
			name = Release;
		};
/* End XCBuildConfiguration section */

/* Begin XCConfigurationList section */
		63FD12D12025022100132405 /* Build configuration list for PBXProject "FirstExercise" */ = {
			isa = XCConfigurationList;
			buildConfigurations = (
				63FD12FC2025022100132405 /* Debug */,
				63FD12FD2025022100132405 /* Release */,
			);
			defaultConfigurationIsVisible = 0;
			defaultConfigurationName = Release;
		};
		63FD12FE2025022100132405 /* Build configuration list for PBXNativeTarget "FirstExercise" */ = {
			isa = XCConfigurationList;
			buildConfigurations = (
				63FD12FF2025022100132405 /* Debug */,
				63FD13002025022100132405 /* Release */,
			);
			defaultConfigurationIsVisible = 0;
			defaultConfigurationName = Release;
		};
		63FD13012025022100132405 /* Build configuration list for PBXNativeTarget "FirstExerciseTests" */ = {
			isa = XCConfigurationList;
			buildConfigurations = (
				63FD13022025022100132405 /* Debug */,
				63FD13032025022100132405 /* Release */,
			);
			defaultConfigurationIsVisible = 0;
			defaultConfigurationName = Release;
		};
		63FD13042025022100132405 /* Build configuration list for PBXNativeTarget "FirstExerciseUITests" */ = {
			isa = XCConfigurationList;
			buildConfigurations = (
				63FD13052025022100132405 /* Debug */,
				63FD13062025022100132405 /* Release */,
			);
			defaultConfigurationIsVisible = 0;
			defaultConfigurationName = Release;
		};
/* End XCConfigurationList section */
	};
	rootObject = 63FD12CE2025022100132405 /* Project object */;
}
